
Microsoft Visual Studio Solution File, Format Version 12.00
# Visual Studio 15
VisualStudioVersion = 15.0.27703.2026
MinimumVisualStudioVersion = 10.0.40219.1
Project("{9A19103F-16F7-4668-BE54-9A1E7A4F7556}") = "TemperatureFunction", "TemperatureFunction\TemperatureFunction.csproj", "{178D783F-58AF-4053-B0BE-4BB25FF92B80}"
EndProject
Project("{9A19103F-16F7-4668-BE54-9A1E7A4F7556}") = "TemperatureAlert", "TemperatureAlert\TemperatureAlert.csproj", "{316B0054-B39F-43EA-9DA7-237ABD83C7F8}"
	ProjectSection(ProjectDependencies) = postProject
		{178D783F-58AF-4053-B0BE-4BB25FF92B80} = {178D783F-58AF-4053-B0BE-4BB25FF92B80}
	EndProjectSection
EndProject
Global
	GlobalSection(SolutionConfigurationPlatforms) = preSolution
		Debug|Any CPU = Debug|Any CPU
		Release|Any CPU = Release|Any CPU
	EndGlobalSection
	GlobalSection(ProjectConfigurationPlatforms) = postSolution
		{178D783F-58AF-4053-B0BE-4BB25FF92B80}.Debug|Any CPU.ActiveCfg = Debug|Any CPU
		{178D783F-58AF-4053-B0BE-4BB25FF92B80}.Debug|Any CPU.Build.0 = Debug|Any CPU
		{178D783F-58AF-4053-B0BE-4BB25FF92B80}.Release|Any CPU.ActiveCfg = Release|Any CPU
		{178D783F-58AF-4053-B0BE-4BB25FF92B80}.Release|Any CPU.Build.0 = Release|Any CPU
		{316B0054-B39F-43EA-9DA7-237ABD83C7F8}.Debug|Any CPU.ActiveCfg = Debug|Any CPU
		{316B0054-B39F-43EA-9DA7-237ABD83C7F8}.Debug|Any CPU.Build.0 = Debug|Any CPU
		{316B0054-B39F-43EA-9DA7-237ABD83C7F8}.Release|Any CPU.ActiveCfg = Release|Any CPU
		{316B0054-B39F-43EA-9DA7-237ABD83C7F8}.Release|Any CPU.Build.0 = Release|Any CPU
	EndGlobalSection
	GlobalSection(SolutionProperties) = preSolution
		HideSolutionNode = FALSE
	EndGlobalSection
	GlobalSection(ExtensibilityGlobals) = postSolution
		SolutionGuid = {BE55E413-2067-4D93-9402-A55861E83FA2}
	EndGlobalSection
EndGlobal
